// !$*UTF8*$!
{
	archiveVersion = 1;
	classes = {
	};
	objectVersion = 56;
	objects = {

/* Begin PBXBuildFile section */
		F9123FF22B00E0D1004FB3C0 /* FinancesApp.swift in Sources */ = {isa = PBXBuildFile; fileRef = F9123FF12B00E0D1004FB3C0 /* FinancesApp.swift */; };
		F9123FF42B00E0D1004FB3C0 /* DataBaseView.swift in Sources */ = {isa = PBXBuildFile; fileRef = F9123FF32B00E0D1004FB3C0 /* DataBaseView.swift */; };
		F9123FF62B00E0D3004FB3C0 /* Assets.xcassets in Resources */ = {isa = PBXBuildFile; fileRef = F9123FF52B00E0D3004FB3C0 /* Assets.xcassets */; };
		F9123FFA2B00E0D3004FB3C0 /* Preview Assets.xcassets in Resources */ = {isa = PBXBuildFile; fileRef = F9123FF92B00E0D3004FB3C0 /* Preview Assets.xcassets */; };
		F9B2F0902B03DC610091AD2B /* PreviewContainer.swift in Sources */ = {isa = PBXBuildFile; fileRef = F9B2F08F2B03DC610091AD2B /* PreviewContainer.swift */; };
		F9B2F0922B03DC830091AD2B /* secretData.swift in Sources */ = {isa = PBXBuildFile; fileRef = F9B2F0912B03DC830091AD2B /* secretData.swift */; };
		F9B2F0942B03F49C0091AD2B /* TransactionNewSheet.swift in Sources */ = {isa = PBXBuildFile; fileRef = F9B2F0932B03F49C0091AD2B /* TransactionNewSheet.swift */; };
		F9B2F0962B03F9070091AD2B /* ReceiptView.swift in Sources */ = {isa = PBXBuildFile; fileRef = F9B2F0952B03F9070091AD2B /* ReceiptView.swift */; };
		F9B2F0982B0400650091AD2B /* TransactionEditSheet.swift in Sources */ = {isa = PBXBuildFile; fileRef = F9B2F0972B0400650091AD2B /* TransactionEditSheet.swift */; };
		F9B2F09B2B0421500091AD2B /* DocumentRowView.swift in Sources */ = {isa = PBXBuildFile; fileRef = F9B2F09A2B0421500091AD2B /* DocumentRowView.swift */; };
		F9D8A9992B00E2FA001C2B32 /* FirstView.swift in Sources */ = {isa = PBXBuildFile; fileRef = F9D8A9982B00E2F9001C2B32 /* FirstView.swift */; };
		F9D8A99B2B00E316001C2B32 /* Models.swift in Sources */ = {isa = PBXBuildFile; fileRef = F9D8A99A2B00E316001C2B32 /* Models.swift */; };
		F9D8A99E2B00E363001C2B32 /* Color+Extension.swift in Sources */ = {isa = PBXBuildFile; fileRef = F9D8A99D2B00E363001C2B32 /* Color+Extension.swift */; };
		F9D8A9A22B0102C0001C2B32 /* TransactionDetailView.swift in Sources */ = {isa = PBXBuildFile; fileRef = F9D8A9A12B0102C0001C2B32 /* TransactionDetailView.swift */; };
		F9D8A9A42B0105C7001C2B32 /* TransactionRowView.swift in Sources */ = {isa = PBXBuildFile; fileRef = F9D8A9A32B0105C7001C2B32 /* TransactionRowView.swift */; };
		F9D8A9A62B010660001C2B32 /* View+Extension.swift in Sources */ = {isa = PBXBuildFile; fileRef = F9D8A9A52B010660001C2B32 /* View+Extension.swift */; };
		F9D8A9A82B014CF5001C2B32 /* Formatter.swift in Sources */ = {isa = PBXBuildFile; fileRef = F9D8A9A72B014CF5001C2B32 /* Formatter.swift */; };
		F9D8A9AA2B016C76001C2B32 /* Date+Extension.swift in Sources */ = {isa = PBXBuildFile; fileRef = F9D8A9A92B016C76001C2B32 /* Date+Extension.swift */; };
		F9D8A9AC2B0177D7001C2B32 /* FirstSecondView.swift in Sources */ = {isa = PBXBuildFile; fileRef = F9D8A9AB2B0177D7001C2B32 /* FirstSecondView.swift */; };
/* End PBXBuildFile section */

/* Begin PBXFileReference section */
		F9123FEE2B00E0D0004FB3C0 /* Finances.app */ = {isa = PBXFileReference; explicitFileType = wrapper.application; includeInIndex = 0; path = Finances.app; sourceTree = BUILT_PRODUCTS_DIR; };
		F9123FF12B00E0D1004FB3C0 /* FinancesApp.swift */ = {isa = PBXFileReference; lastKnownFileType = sourcecode.swift; path = FinancesApp.swift; sourceTree = "<group>"; };
		F9123FF32B00E0D1004FB3C0 /* DataBaseView.swift */ = {isa = PBXFileReference; lastKnownFileType = sourcecode.swift; path = DataBaseView.swift; sourceTree = "<group>"; };
		F9123FF52B00E0D3004FB3C0 /* Assets.xcassets */ = {isa = PBXFileReference; lastKnownFileType = folder.assetcatalog; path = Assets.xcassets; sourceTree = "<group>"; };
		F9123FF72B00E0D3004FB3C0 /* Finances.entitlements */ = {isa = PBXFileReference; lastKnownFileType = text.plist.entitlements; path = Finances.entitlements; sourceTree = "<group>"; };
		F9123FF92B00E0D3004FB3C0 /* Preview Assets.xcassets */ = {isa = PBXFileReference; lastKnownFileType = folder.assetcatalog; path = "Preview Assets.xcassets"; sourceTree = "<group>"; };
		F9B2F08E2B03D9980091AD2B /* .gitignore */ = {isa = PBXFileReference; lastKnownFileType = text; path = .gitignore; sourceTree = "<group>"; };
		F9B2F08F2B03DC610091AD2B /* PreviewContainer.swift */ = {isa = PBXFileReference; lastKnownFileType = sourcecode.swift; path = PreviewContainer.swift; sourceTree = "<group>"; };
		F9B2F0912B03DC830091AD2B /* secretData.swift */ = {isa = PBXFileReference; lastKnownFileType = sourcecode.swift; path = secretData.swift; sourceTree = "<group>"; };
		F9B2F0932B03F49C0091AD2B /* TransactionNewSheet.swift */ = {isa = PBXFileReference; lastKnownFileType = sourcecode.swift; path = TransactionNewSheet.swift; sourceTree = "<group>"; };
		F9B2F0952B03F9070091AD2B /* ReceiptView.swift */ = {isa = PBXFileReference; lastKnownFileType = sourcecode.swift; path = ReceiptView.swift; sourceTree = "<group>"; };
		F9B2F0972B0400650091AD2B /* TransactionEditSheet.swift */ = {isa = PBXFileReference; lastKnownFileType = sourcecode.swift; path = TransactionEditSheet.swift; sourceTree = "<group>"; };
		F9B2F09A2B0421500091AD2B /* DocumentRowView.swift */ = {isa = PBXFileReference; lastKnownFileType = sourcecode.swift; path = DocumentRowView.swift; sourceTree = "<group>"; };
		F9D8A9972B00E273001C2B32 /* README.md */ = {isa = PBXFileReference; lastKnownFileType = net.daringfireball.markdown; path = README.md; sourceTree = "<group>"; };
		F9D8A9982B00E2F9001C2B32 /* FirstView.swift */ = {isa = PBXFileReference; lastKnownFileType = sourcecode.swift; path = FirstView.swift; sourceTree = "<group>"; };
		F9D8A99A2B00E316001C2B32 /* Models.swift */ = {isa = PBXFileReference; lastKnownFileType = sourcecode.swift; path = Models.swift; sourceTree = "<group>"; };
		F9D8A99D2B00E363001C2B32 /* Color+Extension.swift */ = {isa = PBXFileReference; lastKnownFileType = sourcecode.swift; path = "Color+Extension.swift"; sourceTree = "<group>"; };
		F9D8A9A12B0102C0001C2B32 /* TransactionDetailView.swift */ = {isa = PBXFileReference; lastKnownFileType = sourcecode.swift; path = TransactionDetailView.swift; sourceTree = "<group>"; };
		F9D8A9A32B0105C7001C2B32 /* TransactionRowView.swift */ = {isa = PBXFileReference; lastKnownFileType = sourcecode.swift; path = TransactionRowView.swift; sourceTree = "<group>"; };
		F9D8A9A52B010660001C2B32 /* View+Extension.swift */ = {isa = PBXFileReference; lastKnownFileType = sourcecode.swift; path = "View+Extension.swift"; sourceTree = "<group>"; };
		F9D8A9A72B014CF5001C2B32 /* Formatter.swift */ = {isa = PBXFileReference; lastKnownFileType = sourcecode.swift; path = Formatter.swift; sourceTree = "<group>"; };
		F9D8A9A92B016C76001C2B32 /* Date+Extension.swift */ = {isa = PBXFileReference; lastKnownFileType = sourcecode.swift; path = "Date+Extension.swift"; sourceTree = "<group>"; };
		F9D8A9AB2B0177D7001C2B32 /* FirstSecondView.swift */ = {isa = PBXFileReference; lastKnownFileType = sourcecode.swift; path = FirstSecondView.swift; sourceTree = "<group>"; };
/* End PBXFileReference section */

/* Begin PBXFrameworksBuildPhase section */
		F9123FEB2B00E0D0004FB3C0 /* Frameworks */ = {
			isa = PBXFrameworksBuildPhase;
			buildActionMask = 2147483647;
			files = (
			);
			runOnlyForDeploymentPostprocessing = 0;
		};
/* End PBXFrameworksBuildPhase section */

/* Begin PBXGroup section */
		F9123FE52B00E0D0004FB3C0 = {
			isa = PBXGroup;
			children = (
				F9D8A9972B00E273001C2B32 /* README.md */,
				F9B2F08E2B03D9980091AD2B /* .gitignore */,
				F9B2F0912B03DC830091AD2B /* secretData.swift */,
				F9123FF02B00E0D1004FB3C0 /* Finances */,
				F9123FEF2B00E0D0004FB3C0 /* Products */,
			);
			sourceTree = "<group>";
		};
		F9123FEF2B00E0D0004FB3C0 /* Products */ = {
			isa = PBXGroup;
			children = (
				F9123FEE2B00E0D0004FB3C0 /* Finances.app */,
			);
			name = Products;
			sourceTree = "<group>";
		};
		F9123FF02B00E0D1004FB3C0 /* Finances */ = {
			isa = PBXGroup;
			children = (
				F9D8A99C2B00E352001C2B32 /* New Group */,
				F9123FF12B00E0D1004FB3C0 /* FinancesApp.swift */,
				F9D8A99A2B00E316001C2B32 /* Models.swift */,
				F9D8A9952B00E1A6001C2B32 /* Views */,
				F9D8A9942B00E19D001C2B32 /* Extensions */,
				F9123FF52B00E0D3004FB3C0 /* Assets.xcassets */,
				F9123FF72B00E0D3004FB3C0 /* Finances.entitlements */,
				F9123FF82B00E0D3004FB3C0 /* Preview Content */,
			);
			path = Finances;
			sourceTree = "<group>";
		};
		F9123FF82B00E0D3004FB3C0 /* Preview Content */ = {
			isa = PBXGroup;
			children = (
				F9123FF92B00E0D3004FB3C0 /* Preview Assets.xcassets */,
				F9B2F08F2B03DC610091AD2B /* PreviewContainer.swift */,
			);
			path = "Preview Content";
			sourceTree = "<group>";
		};
		F9B2F0992B0421370091AD2B /* HelperViews */ = {
			isa = PBXGroup;
			children = (
				F9B2F09A2B0421500091AD2B /* DocumentRowView.swift */,
			);
			path = HelperViews;
			sourceTree = "<group>";
		};
		F9D8A9942B00E19D001C2B32 /* Extensions */ = {
			isa = PBXGroup;
			children = (
				F9D8A99D2B00E363001C2B32 /* Color+Extension.swift */,
				F9D8A9A52B010660001C2B32 /* View+Extension.swift */,
				F9D8A9A72B014CF5001C2B32 /* Formatter.swift */,
				F9D8A9A92B016C76001C2B32 /* Date+Extension.swift */,
			);
			path = Extensions;
			sourceTree = "<group>";
		};
		F9D8A9952B00E1A6001C2B32 /* Views */ = {
			isa = PBXGroup;
			children = (
				F9123FF32B00E0D1004FB3C0 /* DataBaseView.swift */,
				F9D8A9A12B0102C0001C2B32 /* TransactionDetailView.swift */,
				F9D8A9A32B0105C7001C2B32 /* TransactionRowView.swift */,
				F9D8A9982B00E2F9001C2B32 /* FirstView.swift */,
				F9B2F0952B03F9070091AD2B /* ReceiptView.swift */,
				F9D8A9AB2B0177D7001C2B32 /* FirstSecondView.swift */,
				F9B2F0932B03F49C0091AD2B /* TransactionNewSheet.swift */,
				F9B2F0972B0400650091AD2B /* TransactionEditSheet.swift */,
				F9B2F0992B0421370091AD2B /* HelperViews */,
			);
			path = Views;
			sourceTree = "<group>";
		};
		F9D8A99C2B00E352001C2B32 /* New Group */ = {
			isa = PBXGroup;
			children = (
			);
			path = "New Group";
			sourceTree = "<group>";
		};
/* End PBXGroup section */

/* Begin PBXNativeTarget section */
		F9123FED2B00E0D0004FB3C0 /* Finances */ = {
			isa = PBXNativeTarget;
			buildConfigurationList = F9123FFD2B00E0D3004FB3C0 /* Build configuration list for PBXNativeTarget "Finances" */;
			buildPhases = (
				F9123FEA2B00E0D0004FB3C0 /* Sources */,
				F9123FEB2B00E0D0004FB3C0 /* Frameworks */,
				F9123FEC2B00E0D0004FB3C0 /* Resources */,
			);
			buildRules = (
			);
			dependencies = (
			);
			name = Finances;
			productName = Finances;
			productReference = F9123FEE2B00E0D0004FB3C0 /* Finances.app */;
			productType = "com.apple.product-type.application";
		};
/* End PBXNativeTarget section */

/* Begin PBXProject section */
		F9123FE62B00E0D0004FB3C0 /* Project object */ = {
			isa = PBXProject;
			attributes = {
				BuildIndependentTargetsInParallel = 1;
				LastSwiftUpdateCheck = 1500;
				LastUpgradeCheck = 1500;
				TargetAttributes = {
					F9123FED2B00E0D0004FB3C0 = {
						CreatedOnToolsVersion = 15.0.1;
					};
				};
			};
			buildConfigurationList = F9123FE92B00E0D0004FB3C0 /* Build configuration list for PBXProject "Finances" */;
			compatibilityVersion = "Xcode 14.0";
			developmentRegion = en;
			hasScannedForEncodings = 0;
			knownRegions = (
				en,
				Base,
			);
			mainGroup = F9123FE52B00E0D0004FB3C0;
			productRefGroup = F9123FEF2B00E0D0004FB3C0 /* Products */;
			projectDirPath = "";
			projectRoot = "";
			targets = (
				F9123FED2B00E0D0004FB3C0 /* Finances */,
			);
		};
/* End PBXProject section */

/* Begin PBXResourcesBuildPhase section */
		F9123FEC2B00E0D0004FB3C0 /* Resources */ = {
			isa = PBXResourcesBuildPhase;
			buildActionMask = 2147483647;
			files = (
				F9123FFA2B00E0D3004FB3C0 /* Preview Assets.xcassets in Resources */,
				F9123FF62B00E0D3004FB3C0 /* Assets.xcassets in Resources */,
			);
			runOnlyForDeploymentPostprocessing = 0;
		};
/* End PBXResourcesBuildPhase section */

/* Begin PBXSourcesBuildPhase section */
		F9123FEA2B00E0D0004FB3C0 /* Sources */ = {
			isa = PBXSourcesBuildPhase;
			buildActionMask = 2147483647;
			files = (
				F9D8A9AA2B016C76001C2B32 /* Date+Extension.swift in Sources */,
				F9123FF42B00E0D1004FB3C0 /* DataBaseView.swift in Sources */,
				F9D8A9A82B014CF5001C2B32 /* Formatter.swift in Sources */,
				F9D8A99E2B00E363001C2B32 /* Color+Extension.swift in Sources */,
				F9D8A9A22B0102C0001C2B32 /* TransactionDetailView.swift in Sources */,
				F9B2F09B2B0421500091AD2B /* DocumentRowView.swift in Sources */,
				F9D8A9AC2B0177D7001C2B32 /* FirstSecondView.swift in Sources */,
				F9B2F0902B03DC610091AD2B /* PreviewContainer.swift in Sources */,
				F9D8A9A42B0105C7001C2B32 /* TransactionRowView.swift in Sources */,
				F9D8A9992B00E2FA001C2B32 /* FirstView.swift in Sources */,
				F9123FF22B00E0D1004FB3C0 /* FinancesApp.swift in Sources */,
				F9B2F0982B0400650091AD2B /* TransactionEditSheet.swift in Sources */,
				F9D8A9A62B010660001C2B32 /* View+Extension.swift in Sources */,
				F9D8A99B2B00E316001C2B32 /* Models.swift in Sources */,
				F9B2F0962B03F9070091AD2B /* ReceiptView.swift in Sources */,
				F9B2F0922B03DC830091AD2B /* secretData.swift in Sources */,
				F9B2F0942B03F49C0091AD2B /* TransactionNewSheet.swift in Sources */,
			);
			runOnlyForDeploymentPostprocessing = 0;
		};
/* End PBXSourcesBuildPhase section */

/* Begin XCBuildConfiguration section */
		F9123FFB2B00E0D3004FB3C0 /* Debug */ = {
			isa = XCBuildConfiguration;
			buildSettings = {
				ALWAYS_SEARCH_USER_PATHS = NO;
				ASSETCATALOG_COMPILER_GENERATE_SWIFT_ASSET_SYMBOL_EXTENSIONS = YES;
				CLANG_ANALYZER_NONNULL = YES;
				CLANG_ANALYZER_NUMBER_OBJECT_CONVERSION = YES_AGGRESSIVE;
				CLANG_CXX_LANGUAGE_STANDARD = "gnu++20";
				CLANG_ENABLE_MODULES = YES;
				CLANG_ENABLE_OBJC_ARC = YES;
				CLANG_ENABLE_OBJC_WEAK = YES;
				CLANG_WARN_BLOCK_CAPTURE_AUTORELEASING = YES;
				CLANG_WARN_BOOL_CONVERSION = YES;
				CLANG_WARN_COMMA = YES;
				CLANG_WARN_CONSTANT_CONVERSION = YES;
				CLANG_WARN_DEPRECATED_OBJC_IMPLEMENTATIONS = YES;
				CLANG_WARN_DIRECT_OBJC_ISA_USAGE = YES_ERROR;
				CLANG_WARN_DOCUMENTATION_COMMENTS = YES;
				CLANG_WARN_EMPTY_BODY = YES;
				CLANG_WARN_ENUM_CONVERSION = YES;
				CLANG_WARN_INFINITE_RECURSION = YES;
				CLANG_WARN_INT_CONVERSION = YES;
				CLANG_WARN_NON_LITERAL_NULL_CONVERSION = YES;
				CLANG_WARN_OBJC_IMPLICIT_RETAIN_SELF = YES;
				CLANG_WARN_OBJC_LITERAL_CONVERSION = YES;
				CLANG_WARN_OBJC_ROOT_CLASS = YES_ERROR;
				CLANG_WARN_QUOTED_INCLUDE_IN_FRAMEWORK_HEADER = YES;
				CLANG_WARN_RANGE_LOOP_ANALYSIS = YES;
				CLANG_WARN_STRICT_PROTOTYPES = YES;
				CLANG_WARN_SUSPICIOUS_MOVE = YES;
				CLANG_WARN_UNGUARDED_AVAILABILITY = YES_AGGRESSIVE;
				CLANG_WARN_UNREACHABLE_CODE = YES;
				CLANG_WARN__DUPLICATE_METHOD_MATCH = YES;
				COPY_PHASE_STRIP = NO;
				DEBUG_INFORMATION_FORMAT = dwarf;
				ENABLE_STRICT_OBJC_MSGSEND = YES;
				ENABLE_TESTABILITY = YES;
				ENABLE_USER_SCRIPT_SANDBOXING = YES;
				GCC_C_LANGUAGE_STANDARD = gnu17;
				GCC_DYNAMIC_NO_PIC = NO;
				GCC_NO_COMMON_BLOCKS = YES;
				GCC_OPTIMIZATION_LEVEL = 0;
				GCC_PREPROCESSOR_DEFINITIONS = (
					"DEBUG=1",
					"$(inherited)",
				);
				GCC_WARN_64_TO_32_BIT_CONVERSION = YES;
				GCC_WARN_ABOUT_RETURN_TYPE = YES_ERROR;
				GCC_WARN_UNDECLARED_SELECTOR = YES;
				GCC_WARN_UNINITIALIZED_AUTOS = YES_AGGRESSIVE;
				GCC_WARN_UNUSED_FUNCTION = YES;
				GCC_WARN_UNUSED_VARIABLE = YES;
				LOCALIZATION_PREFERS_STRING_CATALOGS = YES;
				MTL_ENABLE_DEBUG_INFO = INCLUDE_SOURCE;
				MTL_FAST_MATH = YES;
				ONLY_ACTIVE_ARCH = YES;
				SWIFT_ACTIVE_COMPILATION_CONDITIONS = "DEBUG $(inherited)";
				SWIFT_OPTIMIZATION_LEVEL = "-Onone";
			};
			name = Debug;
		};
		F9123FFC2B00E0D3004FB3C0 /* Release */ = {
			isa = XCBuildConfiguration;
			buildSettings = {
				ALWAYS_SEARCH_USER_PATHS = NO;
				ASSETCATALOG_COMPILER_GENERATE_SWIFT_ASSET_SYMBOL_EXTENSIONS = YES;
				CLANG_ANALYZER_NONNULL = YES;
				CLANG_ANALYZER_NUMBER_OBJECT_CONVERSION = YES_AGGRESSIVE;
				CLANG_CXX_LANGUAGE_STANDARD = "gnu++20";
				CLANG_ENABLE_MODULES = YES;
				CLANG_ENABLE_OBJC_ARC = YES;
				CLANG_ENABLE_OBJC_WEAK = YES;
				CLANG_WARN_BLOCK_CAPTURE_AUTORELEASING = YES;
				CLANG_WARN_BOOL_CONVERSION = YES;
				CLANG_WARN_COMMA = YES;
				CLANG_WARN_CONSTANT_CONVERSION = YES;
				CLANG_WARN_DEPRECATED_OBJC_IMPLEMENTATIONS = YES;
				CLANG_WARN_DIRECT_OBJC_ISA_USAGE = YES_ERROR;
				CLANG_WARN_DOCUMENTATION_COMMENTS = YES;
				CLANG_WARN_EMPTY_BODY = YES;
				CLANG_WARN_ENUM_CONVERSION = YES;
				CLANG_WARN_INFINITE_RECURSION = YES;
				CLANG_WARN_INT_CONVERSION = YES;
				CLANG_WARN_NON_LITERAL_NULL_CONVERSION = YES;
				CLANG_WARN_OBJC_IMPLICIT_RETAIN_SELF = YES;
				CLANG_WARN_OBJC_LITERAL_CONVERSION = YES;
				CLANG_WARN_OBJC_ROOT_CLASS = YES_ERROR;
				CLANG_WARN_QUOTED_INCLUDE_IN_FRAMEWORK_HEADER = YES;
				CLANG_WARN_RANGE_LOOP_ANALYSIS = YES;
				CLANG_WARN_STRICT_PROTOTYPES = YES;
				CLANG_WARN_SUSPICIOUS_MOVE = YES;
				CLANG_WARN_UNGUARDED_AVAILABILITY = YES_AGGRESSIVE;
				CLANG_WARN_UNREACHABLE_CODE = YES;
				CLANG_WARN__DUPLICATE_METHOD_MATCH = YES;
				COPY_PHASE_STRIP = NO;
				DEBUG_INFORMATION_FORMAT = "dwarf-with-dsym";
				ENABLE_NS_ASSERTIONS = NO;
				ENABLE_STRICT_OBJC_MSGSEND = YES;
				ENABLE_USER_SCRIPT_SANDBOXING = YES;
				GCC_C_LANGUAGE_STANDARD = gnu17;
				GCC_NO_COMMON_BLOCKS = YES;
				GCC_WARN_64_TO_32_BIT_CONVERSION = YES;
				GCC_WARN_ABOUT_RETURN_TYPE = YES_ERROR;
				GCC_WARN_UNDECLARED_SELECTOR = YES;
				GCC_WARN_UNINITIALIZED_AUTOS = YES_AGGRESSIVE;
				GCC_WARN_UNUSED_FUNCTION = YES;
				GCC_WARN_UNUSED_VARIABLE = YES;
				LOCALIZATION_PREFERS_STRING_CATALOGS = YES;
				MTL_ENABLE_DEBUG_INFO = NO;
				MTL_FAST_MATH = YES;
				SWIFT_COMPILATION_MODE = wholemodule;
			};
			name = Release;
		};
		F9123FFE2B00E0D3004FB3C0 /* Debug */ = {
			isa = XCBuildConfiguration;
			buildSettings = {
				ASSETCATALOG_COMPILER_APPICON_NAME = AppIcon;
				ASSETCATALOG_COMPILER_GLOBAL_ACCENT_COLOR_NAME = AccentColor;
				CODE_SIGN_ENTITLEMENTS = Finances/Finances.entitlements;
				CODE_SIGN_STYLE = Automatic;
				CURRENT_PROJECT_VERSION = 1;
				DEVELOPMENT_ASSET_PATHS = "\"Finances/Preview Content\"";
				DEVELOPMENT_TEAM = CM7QJ9HLVW;
				ENABLE_HARDENED_RUNTIME = YES;
				ENABLE_PREVIEWS = YES;
				GENERATE_INFOPLIST_FILE = YES;
				INFOPLIST_KEY_NSFaceIDUsageDescription = "Protect you data with Biometrics";
				"INFOPLIST_KEY_UIApplicationSceneManifest_Generation[sdk=iphoneos*]" = YES;
				"INFOPLIST_KEY_UIApplicationSceneManifest_Generation[sdk=iphonesimulator*]" = YES;
				"INFOPLIST_KEY_UIApplicationSupportsIndirectInputEvents[sdk=iphoneos*]" = YES;
				"INFOPLIST_KEY_UIApplicationSupportsIndirectInputEvents[sdk=iphonesimulator*]" = YES;
				"INFOPLIST_KEY_UILaunchScreen_Generation[sdk=iphoneos*]" = YES;
				"INFOPLIST_KEY_UILaunchScreen_Generation[sdk=iphonesimulator*]" = YES;
				"INFOPLIST_KEY_UIStatusBarStyle[sdk=iphoneos*]" = UIStatusBarStyleDefault;
				"INFOPLIST_KEY_UIStatusBarStyle[sdk=iphonesimulator*]" = UIStatusBarStyleDefault;
				INFOPLIST_KEY_UISupportedInterfaceOrientations_iPad = "UIInterfaceOrientationPortrait UIInterfaceOrientationPortraitUpsideDown UIInterfaceOrientationLandscapeLeft UIInterfaceOrientationLandscapeRight";
				INFOPLIST_KEY_UISupportedInterfaceOrientations_iPhone = "UIInterfaceOrientationPortrait UIInterfaceOrientationLandscapeLeft UIInterfaceOrientationLandscapeRight";
				IPHONEOS_DEPLOYMENT_TARGET = 17.0;
				LD_RUNPATH_SEARCH_PATHS = "@executable_path/Frameworks";
				"LD_RUNPATH_SEARCH_PATHS[sdk=macosx*]" = "@executable_path/../Frameworks";
				MACOSX_DEPLOYMENT_TARGET = 14.0;
				MARKETING_VERSION = 1.0;
				PRODUCT_BUNDLE_IDENTIFIER = de.amaider.Finances;
				PRODUCT_NAME = "$(TARGET_NAME)";
				SDKROOT = auto;
				SUPPORTED_PLATFORMS = "iphoneos iphonesimulator macosx";
				SWIFT_EMIT_LOC_STRINGS = YES;
				SWIFT_VERSION = 5.0;
				TARGETED_DEVICE_FAMILY = "1,2";
			};
			name = Debug;
		};
		F9123FFF2B00E0D3004FB3C0 /* Release */ = {
			isa = XCBuildConfiguration;
			buildSettings = {
				ASSETCATALOG_COMPILER_APPICON_NAME = AppIcon;
				ASSETCATALOG_COMPILER_GLOBAL_ACCENT_COLOR_NAME = AccentColor;
				CODE_SIGN_ENTITLEMENTS = Finances/Finances.entitlements;
				CODE_SIGN_STYLE = Automatic;
				CURRENT_PROJECT_VERSION = 1;
				DEVELOPMENT_ASSET_PATHS = "\"Finances/Preview Content\"";
				DEVELOPMENT_TEAM = CM7QJ9HLVW;
				ENABLE_HARDENED_RUNTIME = YES;
				ENABLE_PREVIEWS = YES;
				GENERATE_INFOPLIST_FILE = YES;
				INFOPLIST_KEY_NSFaceIDUsageDescription = "Protect you data with Biometrics";
				"INFOPLIST_KEY_UIApplicationSceneManifest_Generation[sdk=iphoneos*]" = YES;
				"INFOPLIST_KEY_UIApplicationSceneManifest_Generation[sdk=iphonesimulator*]" = YES;
				"INFOPLIST_KEY_UIApplicationSupportsIndirectInputEvents[sdk=iphoneos*]" = YES;
				"INFOPLIST_KEY_UIApplicationSupportsIndirectInputEvents[sdk=iphonesimulator*]" = YES;
				"INFOPLIST_KEY_UILaunchScreen_Generation[sdk=iphoneos*]" = YES;
				"INFOPLIST_KEY_UILaunchScreen_Generation[sdk=iphonesimulator*]" = YES;
				"INFOPLIST_KEY_UIStatusBarStyle[sdk=iphoneos*]" = UIStatusBarStyleDefault;
				"INFOPLIST_KEY_UIStatusBarStyle[sdk=iphonesimulator*]" = UIStatusBarStyleDefault;
				INFOPLIST_KEY_UISupportedInterfaceOrientations_iPad = "UIInterfaceOrientationPortrait UIInterfaceOrientationPortraitUpsideDown UIInterfaceOrientationLandscapeLeft UIInterfaceOrientationLandscapeRight";
				INFOPLIST_KEY_UISupportedInterfaceOrientations_iPhone = "UIInterfaceOrientationPortrait UIInterfaceOrientationLandscapeLeft UIInterfaceOrientationLandscapeRight";
				IPHONEOS_DEPLOYMENT_TARGET = 17.0;
				LD_RUNPATH_SEARCH_PATHS = "@executable_path/Frameworks";
				"LD_RUNPATH_SEARCH_PATHS[sdk=macosx*]" = "@executable_path/../Frameworks";
				MACOSX_DEPLOYMENT_TARGET = 14.0;
				MARKETING_VERSION = 1.0;
				PRODUCT_BUNDLE_IDENTIFIER = de.amaider.Finances;
				PRODUCT_NAME = "$(TARGET_NAME)";
				SDKROOT = auto;
				SUPPORTED_PLATFORMS = "iphoneos iphonesimulator macosx";
				SWIFT_EMIT_LOC_STRINGS = YES;
				SWIFT_VERSION = 5.0;
				TARGETED_DEVICE_FAMILY = "1,2";
			};
			name = Release;
		};
/* End XCBuildConfiguration section */

/* Begin XCConfigurationList section */
		F9123FE92B00E0D0004FB3C0 /* Build configuration list for PBXProject "Finances" */ = {
			isa = XCConfigurationList;
			buildConfigurations = (
				F9123FFB2B00E0D3004FB3C0 /* Debug */,
				F9123FFC2B00E0D3004FB3C0 /* Release */,
			);
			defaultConfigurationIsVisible = 0;
			defaultConfigurationName = Release;
		};
		F9123FFD2B00E0D3004FB3C0 /* Build configuration list for PBXNativeTarget "Finances" */ = {
			isa = XCConfigurationList;
			buildConfigurations = (
				F9123FFE2B00E0D3004FB3C0 /* Debug */,
				F9123FFF2B00E0D3004FB3C0 /* Release */,
			);
			defaultConfigurationIsVisible = 0;
			defaultConfigurationName = Release;
		};
/* End XCConfigurationList section */
	};
	rootObject = F9123FE62B00E0D0004FB3C0 /* Project object */;
}
